[[package]]
name = "dlib"
version = "19.22.0"
description = "A toolkit for making real world machine learning and data analysis applications"
category = "main"
optional = false
python-versions = "*"

[metadata]
lock-version = "1.1"
python-versions = "^3.8"
content-hash = "b35e25b0db29c7f3f689717612eae59f54d047ccdd11359b29751801b31129f0"

[metadata.files]
dlib = [
    {file = "dlib-19.22.0.tar.gz", hash = "sha256:b5f5fe43ad19a821903aad786381e5b51a9d219527148fd604e719b398e84108"},
]
